
Microsoft Visual Studio Solution File, Format Version 12.00
# Visual Studio Version 17
VisualStudioVersion = 17.11.35222.181
MinimumVisualStudioVersion = 10.0.40219.1
Project("{FAE04EC0-301F-11D3-BF4B-00C04F79EFBC}") = "TaxCalculator", "TaxCalculator\TaxCalculator.csproj", "{81E1C784-D369-402A-8B7A-53ABC2BA7C80}"
EndProject
Project("{FAE04EC0-301F-11D3-BF4B-00C04F79EFBC}") = "Tests", "Tests\Tests.csproj", "{AEE8F0F5-67BE-47F9-AECB-406BCA9D027D}"
EndProject
Global
	GlobalSection(SolutionConfigurationPlatforms) = preSolution
		Debug|Any CPU = Debug|Any CPU
		Release|Any CPU = Release|Any CPU
	EndGlobalSection
	GlobalSection(ProjectConfigurationPlatforms) = postSolution
		{81E1C784-D369-402A-8B7A-53ABC2BA7C80}.Debug|Any CPU.ActiveCfg = Debug|Any CPU
		{81E1C784-D369-402A-8B7A-53ABC2BA7C80}.Debug|Any CPU.Build.0 = Debug|Any CPU
		{81E1C784-D369-402A-8B7A-53ABC2BA7C80}.Release|Any CPU.ActiveCfg = Release|Any CPU
		{81E1C784-D369-402A-8B7A-53ABC2BA7C80}.Release|Any CPU.Build.0 = Release|Any CPU
		{AEE8F0F5-67BE-47F9-AECB-406BCA9D027D}.Debug|Any CPU.ActiveCfg = Debug|Any CPU
		{AEE8F0F5-67BE-47F9-AECB-406BCA9D027D}.Debug|Any CPU.Build.0 = Debug|Any CPU
		{AEE8F0F5-67BE-47F9-AECB-406BCA9D027D}.Release|Any CPU.ActiveCfg = Release|Any CPU
		{AEE8F0F5-67BE-47F9-AECB-406BCA9D027D}.Release|Any CPU.Build.0 = Release|Any CPU
	EndGlobalSection
	GlobalSection(SolutionProperties) = preSolution
		HideSolutionNode = FALSE
	EndGlobalSection
	GlobalSection(ExtensibilityGlobals) = postSolution
		SolutionGuid = {439F26CD-1903-41EA-B15A-F5C4B19D8451}
	EndGlobalSection
EndGlobal
